
Microsoft Visual Studio Solution File, Format Version 12.00
# Visual Studio Version 17
VisualStudioVersion = 17.13.35828.75 d17.13
MinimumVisualStudioVersion = 10.0.40219.1
Project("{FAE04EC0-301F-11D3-BF4B-00C04F79EFBC}") = "Semana_5", "Semana_5.csproj", "{1F1DFC9D-C28E-4FA1-9045-EAF0F2985E43}"
EndProject
Global
	GlobalSection(SolutionConfigurationPlatforms) = preSolution
		Debug|Any CPU = Debug|Any CPU
		Release|Any CPU = Release|Any CPU
	EndGlobalSection
	GlobalSection(ProjectConfigurationPlatforms) = postSolution
		{1F1DFC9D-C28E-4FA1-9045-EAF0F2985E43}.Debug|Any CPU.ActiveCfg = Debug|Any CPU
		{1F1DFC9D-C28E-4FA1-9045-EAF0F2985E43}.Debug|Any CPU.Build.0 = Debug|Any CPU
		{1F1DFC9D-C28E-4FA1-9045-EAF0F2985E43}.Release|Any CPU.ActiveCfg = Release|Any CPU
		{1F1DFC9D-C28E-4FA1-9045-EAF0F2985E43}.Release|Any CPU.Build.0 = Release|Any CPU
	EndGlobalSection
	GlobalSection(SolutionProperties) = preSolution
		HideSolutionNode = FALSE
	EndGlobalSection
	GlobalSection(ExtensibilityGlobals) = postSolution
		SolutionGuid = {191034B3-20B6-4FBB-970F-6E9EF5634225}
	EndGlobalSection
EndGlobal
